{
  "nodes": {
    "blame-me-nvim": {
      "flake": false,
      "locked": {
        "lastModified": 1707783960,
        "narHash": "sha256-nUkbtxqvuJPBgQajjxhoVLsI/zWexIH1A8eecNxBFyI=",
        "owner": "hougesen",
        "repo": "blame-me.nvim",
        "rev": "e62ce3a5013f6a02d28eccbfc007e0abb456d53c",
        "type": "github"
      },
      "original": {
        "owner": "hougesen",
        "repo": "blame-me.nvim",
        "type": "github"
      }
    },
    "cmake-gtest-nvim": {
      "flake": false,
      "locked": {
        "lastModified": 1709236634,
        "narHash": "sha256-nW8GaC3UFsM0Wl59KIIrM9paSNIWcAhyM4YbwiztE0Q=",
        "owner": "hfn92",
        "repo": "cmake-gtest.nvim",
        "rev": "872379aab0e6d0dfe40da4cd810ab61d78c3ec70",
        "type": "github"
      },
      "original": {
        "owner": "hfn92",
        "repo": "cmake-gtest.nvim",
        "type": "github"
      }
    },
    "cmake-tools-nvim": {
      "flake": false,
      "locked": {
        "lastModified": 1706886423,
        "narHash": "sha256-e16I51FbT0itLkyornd9RjShXmLxUzPrygFYVc66xoY=",
        "owner": "Civitasv",
        "repo": "cmake-tools.nvim",
        "rev": "055d7bb37d5c4038ce1e400656b6504602934ce7",
        "type": "github"
      },
      "original": {
        "owner": "Civitasv",
        "repo": "cmake-tools.nvim",
        "type": "github"
      }
    },
    "flake-compat": {
      "locked": {
        "lastModified": 1733328505,
        "narHash": "sha256-NeCCThCEP3eCl2l/+27kNNK7QrwZB1IJCrXfrbv5oqU=",
        "rev": "ff81ac966bb2cae68946d5ed5fc4994f96d0ffec",
        "revCount": 69,
        "type": "tarball",
        "url": "https://api.flakehub.com/f/pinned/edolstra/flake-compat/1.1.0/01948eb7-9cba-704f-bbf3-3fa956735b52/source.tar.gz"
      },
      "original": {
        "type": "tarball",
        "url": "https://flakehub.com/f/edolstra/flake-compat/1.tar.gz"
      }
    },
    "flake-parts": {
      "inputs": {
        "nixpkgs-lib": [
          "lazyvim-nix",
          "nixpkgs"
        ]
      },
      "locked": {
        "lastModified": 1709336216,
        "narHash": "sha256-Dt/wOWeW6Sqm11Yh+2+t0dfEWxoMxGBvv3JpIocFl9E=",
        "owner": "hercules-ci",
        "repo": "flake-parts",
        "rev": "f7b3c975cf067e56e7cda6cb098ebe3fb4d74ca2",
        "type": "github"
      },
      "original": {
        "owner": "hercules-ci",
        "repo": "flake-parts",
        "type": "github"
      }
    },
    "flake-parts_2": {
      "inputs": {
        "nixpkgs-lib": "nixpkgs-lib"
      },
      "locked": {
        "lastModified": 1765835352,
        "narHash": "sha256-XswHlK/Qtjasvhd1nOa1e8MgZ8GS//jBoTqWtrS1Giw=",
        "owner": "hercules-ci",
        "repo": "flake-parts",
        "rev": "a34fae9c08a15ad73f295041fec82323541400a9",
        "type": "github"
      },
      "original": {
        "owner": "hercules-ci",
        "repo": "flake-parts",
        "type": "github"
      }
    },
    "flake-utils": {
      "inputs": {
        "systems": "systems"
      },
      "locked": {
        "lastModified": 1701680307,
        "narHash": "sha256-kAuep2h5ajznlPMD9rnQyffWG8EM/C73lejGofXvdM8=",
        "owner": "numtide",
        "repo": "flake-utils",
        "rev": "4022d587cbbfd70fe950c1e2083a02621806a725",
        "type": "github"
      },
      "original": {
        "owner": "numtide",
        "repo": "flake-utils",
        "type": "github"
      }
    },
    "home-manager": {
      "inputs": {
        "nixpkgs": [
          "nixpkgs"
        ]
      },
      "locked": {
        "lastModified": 1768530555,
        "narHash": "sha256-EBXKDho4t1YSgodAL6C8M3UTm8MGMZNQ9rQnceR5+6c=",
        "owner": "nix-community",
        "repo": "home-manager",
        "rev": "d21bee5abf9fb4a42b2fa7728bf671f8bb246ba6",
        "type": "github"
      },
      "original": {
        "owner": "nix-community",
        "repo": "home-manager",
        "type": "github"
      }
    },
    "huez-nvim": {
      "flake": false,
      "locked": {
        "lastModified": 1709183028,
        "narHash": "sha256-k9y9SwEC4vlvL2txEVEHvMRUrCKVxD6OSBvqOeoVMYA=",
        "owner": "vague2k",
        "repo": "huez.nvim",
        "rev": "cc18cb58572ecb0ac4d0da3e2e8720d58b79bafc",
        "type": "github"
      },
      "original": {
        "owner": "vague2k",
        "repo": "huez.nvim",
        "type": "github"
      }
    },
    "lazyvim-nix": {
      "inputs": {
        "blame-me-nvim": "blame-me-nvim",
        "cmake-gtest-nvim": "cmake-gtest-nvim",
        "cmake-tools-nvim": "cmake-tools-nvim",
        "flake-parts": "flake-parts",
        "huez-nvim": "huez-nvim",
        "neovim-nightly": "neovim-nightly",
        "nixpkgs": "nixpkgs"
      },
      "locked": {
        "lastModified": 1755157431,
        "narHash": "sha256-EDIDC2AAREg6Th0QsN4xOWgbF7Ws8WxJ3NqPsIHEPUo=",
        "owner": "jla2000",
        "repo": "lazyvim-nix",
        "rev": "b39f38861b5286f0a5c0845534830df8a685edee",
        "type": "github"
      },
      "original": {
        "owner": "jla2000",
        "repo": "lazyvim-nix",
        "type": "github"
      }
    },
    "neovim-nightly": {
      "inputs": {
        "flake-utils": "flake-utils",
        "nixpkgs": [
          "lazyvim-nix",
          "nixpkgs"
        ]
      },
      "locked": {
        "dir": "contrib",
        "lastModified": 1710312371,
        "narHash": "sha256-wJ3ZhQ/k8XDbBUEPv/3mT7vKrPtr0qIobQrmOpRjQ4Q=",
        "owner": "neovim",
        "repo": "neovim",
        "rev": "2a8cef6bd450febd88d754e0c1909137b7451757",
        "type": "github"
      },
      "original": {
        "dir": "contrib",
        "owner": "neovim",
        "repo": "neovim",
        "type": "github"
      }
    },
    "nix-flatpak": {
      "locked": {
        "lastModified": 1768119771,
        "narHash": "sha256-kbbmAfCXcgjdShTDDEn/pCoC5rKQMTd1BksXANn8D2A=",
        "owner": "gmodena",
        "repo": "nix-flatpak",
        "rev": "2e49028cb29c76c8553c6099b19f11879db2cbd1",
        "type": "github"
      },
      "original": {
        "owner": "gmodena",
        "repo": "nix-flatpak",
        "type": "github"
      }
    },
    "nixcord": {
      "inputs": {
        "flake-compat": "flake-compat",
        "flake-parts": "flake-parts_2",
        "nixpkgs": "nixpkgs_2"
      },
      "locked": {
        "lastModified": 1768550568,
        "narHash": "sha256-q7m8gDa/6JjWSDjT6Fosc7bw8YetSvfBqVZe0gxS0+c=",
        "owner": "KaylorBen",
        "repo": "nixcord",
        "rev": "eee0f42431129fd2ff08491fe80dc5a6ce5e2872",
        "type": "github"
      },
      "original": {
        "owner": "KaylorBen",
        "repo": "nixcord",
        "type": "github"
      }
    },
    "nixpkgs": {
      "locked": {
        "lastModified": 1710272261,
        "narHash": "sha256-g0bDwXFmTE7uGDOs9HcJsfLFhH7fOsASbAuOzDC+fhQ=",
        "owner": "NixOS",
        "repo": "nixpkgs",
        "rev": "0ad13a6833440b8e238947e47bea7f11071dc2b2",
        "type": "github"
      },
      "original": {
        "owner": "NixOS",
        "ref": "nixos-unstable",
        "repo": "nixpkgs",
        "type": "github"
      }
    },
    "nixpkgs-lib": {
      "locked": {
        "lastModified": 1765674936,
        "narHash": "sha256-k00uTP4JNfmejrCLJOwdObYC9jHRrr/5M/a/8L2EIdo=",
        "owner": "nix-community",
        "repo": "nixpkgs.lib",
        "rev": "2075416fcb47225d9b68ac469a5c4801a9c4dd85",
        "type": "github"
      },
      "original": {
        "owner": "nix-community",
        "repo": "nixpkgs.lib",
        "type": "github"
      }
    },
    "nixpkgs_2": {
      "locked": {
        "lastModified": 1766885793,
        "narHash": "sha256-P6RVkrM9JLCW6xBjSwHfgTOQ1JwBUma5xe5LI8xAPC0=",
        "owner": "NixOS",
        "repo": "nixpkgs",
        "rev": "9ef261221d1e72399f2036786498d78c38185c46",
        "type": "github"
      },
      "original": {
        "owner": "NixOS",
        "ref": "nixos-25.11",
        "repo": "nixpkgs",
        "type": "github"
      }
    },
    "nixpkgs_3": {
      "locked": {
        "lastModified": 1768305791,
        "narHash": "sha256-AIdl6WAn9aymeaH/NvBj0H9qM+XuAuYbGMZaP0zcXAQ=",
        "owner": "NixOS",
        "repo": "nixpkgs",
        "rev": "1412caf7bf9e660f2f962917c14b1ea1c3bc695e",
        "type": "github"
      },
      "original": {
        "owner": "NixOS",
        "ref": "nixos-unstable",
        "repo": "nixpkgs",
        "type": "github"
      }
    },
    "nixpkgs_4": {
      "locked": {
        "lastModified": 1749857119,
        "narHash": "sha256-tG5xUn3hFaPpAHYIvr2F88b+ovcIO5k1HqajFy7ZFPM=",
        "owner": "NixOS",
        "repo": "nixpkgs",
        "rev": "5f4f306bea96741f1588ea4f450b2a2e29f42b98",
        "type": "github"
      },
      "original": {
        "owner": "NixOS",
        "ref": "nixos-25.05",
        "repo": "nixpkgs",
        "type": "github"
      }
    },
    "nixpkgs_5": {
      "locked": {
        "lastModified": 1767892417,
        "narHash": "sha256-dhhvQY67aboBk8b0/u0XB6vwHdgbROZT3fJAjyNh5Ww=",
        "owner": "NixOS",
        "repo": "nixpkgs",
        "rev": "3497aa5c9457a9d88d71fa93a4a8368816fbeeba",
        "type": "github"
      },
      "original": {
        "owner": "NixOS",
        "ref": "nixos-unstable",
        "repo": "nixpkgs",
        "type": "github"
      }
    },
    "nixpkgs_6": {
      "locked": {
        "lastModified": 1760524057,
        "narHash": "sha256-EVAqOteLBFmd7pKkb0+FIUyzTF61VKi7YmvP1tw4nEw=",
        "owner": "NixOS",
        "repo": "nixpkgs",
        "rev": "544961dfcce86422ba200ed9a0b00dd4b1486ec5",
        "type": "github"
      },
      "original": {
        "owner": "NixOS",
        "ref": "nixos-unstable",
        "repo": "nixpkgs",
        "type": "github"
      }
    },
    "nixpkgs_7": {
      "locked": {
        "lastModified": 1766070988,
        "narHash": "sha256-G/WVghka6c4bAzMhTwT2vjLccg/awmHkdKSd2JrycLc=",
        "owner": "nixos",
        "repo": "nixpkgs",
        "rev": "c6245e83d836d0433170a16eb185cefe0572f8b8",
        "type": "github"
      },
      "original": {
        "owner": "nixos",
        "ref": "nixos-unstable",
        "repo": "nixpkgs",
        "type": "github"
      }
    },
    "parsecDeb": {
      "flake": false,
      "locked": {
        "narHash": "sha256-+sNEGgb2wARM8JDf3Gdzk+N/IFNERlEQJFROGQGP8XE=",
        "type": "file",
        "url": "https://builds.parsecgaming.com/package/parsec-linux.deb"
      },
      "original": {
        "type": "file",
        "url": "https://builds.parsecgaming.com/package/parsec-linux.deb"
      }
    },
    "parsecMeta": {
      "flake": false,
      "locked": {
        "narHash": "sha256-w4RUg+A+BfYsu2gIpSvYFdPXTGd0lWEp44X4/6jYHQE=",
        "type": "file",
        "url": "https://builds.parsecgaming.com/channel/release/appdata/linux/latest"
      },
      "original": {
        "type": "file",
        "url": "https://builds.parsecgaming.com/channel/release/appdata/linux/latest"
      }
    },
    "parsecgaming": {
      "inputs": {
        "nixpkgs": "nixpkgs_4",
        "parsecDeb": "parsecDeb",
        "parsecMeta": "parsecMeta"
      },
      "locked": {
        "lastModified": 1765065769,
        "narHash": "sha256-IqoIeDsL+jnI57J8R+Pywu9p9Y7dfTbFPB9/dI9j7g4=",
        "owner": "DarthPJB",
        "repo": "parsec-gaming-nix",
        "rev": "7a0c03161c696cf101e4fd970b8acb1c99e6f639",
        "type": "github"
      },
      "original": {
        "owner": "DarthPJB",
        "repo": "parsec-gaming-nix",
        "type": "github"
      }
    },
    "root": {
      "inputs": {
        "home-manager": "home-manager",
        "lazyvim-nix": "lazyvim-nix",
        "nix-flatpak": "nix-flatpak",
        "nixcord": "nixcord",
        "nixpkgs": "nixpkgs_3",
        "parsecgaming": "parsecgaming",
        "spicetify-nix": "spicetify-nix",
        "syd": "syd",
        "zen-browser-source": "zen-browser-source"
      }
    },
    "spicetify-nix": {
      "inputs": {
        "nixpkgs": "nixpkgs_5",
        "systems": "systems_2"
      },
      "locked": {
        "lastModified": 1768107098,
        "narHash": "sha256-mSthw4k7jkB5S8+NYZwrQFItLj+17Se7Wn0pIfdASbc=",
        "owner": "Gerg-L",
        "repo": "spicetify-nix",
        "rev": "2e40e07527f9d724b1578f0af590ab345e836ec3",
        "type": "github"
      },
      "original": {
        "owner": "Gerg-L",
        "repo": "spicetify-nix",
        "type": "github"
      }
    },
    "syd": {
      "inputs": {
        "nixpkgs": "nixpkgs_6"
      },
      "locked": {
        "lastModified": 1767718592,
        "narHash": "sha256-PUZQBKCx50C/GrXlW3wocwDGjCFOJRu3+NjeOelTzuM=",
        "owner": "sidharthify",
        "repo": "syd",
        "rev": "f084cb116d3c1a75cb6a19fe6332bf1f5bb7a7e2",
        "type": "github"
      },
      "original": {
        "owner": "sidharthify",
        "repo": "syd",
        "type": "github"
      }
    },
    "systems": {
      "locked": {
        "lastModified": 1681028828,
        "narHash": "sha256-Vy1rq5AaRuLzOxct8nz4T6wlgyUR7zLU309k9mBC768=",
        "owner": "nix-systems",
        "repo": "default",
        "rev": "da67096a3b9bf56a91d16901293e51ba5b49a27e",
        "type": "github"
      },
      "original": {
        "owner": "nix-systems",
        "repo": "default",
        "type": "github"
      }
    },
    "systems_2": {
      "locked": {
        "lastModified": 1681028828,
        "narHash": "sha256-Vy1rq5AaRuLzOxct8nz4T6wlgyUR7zLU309k9mBC768=",
        "owner": "nix-systems",
        "repo": "default",
        "rev": "da67096a3b9bf56a91d16901293e51ba5b49a27e",
        "type": "github"
      },
      "original": {
        "owner": "nix-systems",
        "repo": "default",
        "type": "github"
      }
    },
    "zen-browser-source": {
      "inputs": {
        "nixpkgs": "nixpkgs_7"
      },
      "locked": {
        "lastModified": 1767618227,
        "narHash": "sha256-9+XVF47E9NCVs249SSsDtr7YdG/23/lCJmWAjQvOfqI=",
        "owner": "youwen5",
        "repo": "zen-browser-flake",
        "rev": "1586e49b3908b058e221f11d843eb46392dba17b",
        "type": "github"
      },
      "original": {
        "owner": "youwen5",
        "repo": "zen-browser-flake",
        "type": "github"
      }
    }
  },
  "root": "root",
  "version": 7
}
